
Microsoft Visual Studio Solution File, Format Version 12.00
# Visual Studio Version 17
VisualStudioVersion = 17.14.36301.6 d17.14
MinimumVisualStudioVersion = 10.0.40219.1
Project("{FAE04EC0-301F-11D3-BF4B-00C04F79EFBC}") = "HealthcareDirectory.Api", "HealthcareDirectory.Api.csproj", "{F896B7B8-BC2A-9F1A-63EA-556D46A97B20}"
EndProject
Global
	GlobalSection(SolutionConfigurationPlatforms) = preSolution
		Debug|Any CPU = Debug|Any CPU
		Release|Any CPU = Release|Any CPU
	EndGlobalSection
	GlobalSection(ProjectConfigurationPlatforms) = postSolution
		{F896B7B8-BC2A-9F1A-63EA-556D46A97B20}.Debug|Any CPU.ActiveCfg = Debug|Any CPU
		{F896B7B8-BC2A-9F1A-63EA-556D46A97B20}.Debug|Any CPU.Build.0 = Debug|Any CPU
		{F896B7B8-BC2A-9F1A-63EA-556D46A97B20}.Release|Any CPU.ActiveCfg = Release|Any CPU
		{F896B7B8-BC2A-9F1A-63EA-556D46A97B20}.Release|Any CPU.Build.0 = Release|Any CPU
	EndGlobalSection
	GlobalSection(SolutionProperties) = preSolution
		HideSolutionNode = FALSE
	EndGlobalSection
	GlobalSection(ExtensibilityGlobals) = postSolution
		SolutionGuid = {729C258E-C4CB-4C30-902A-E88E5D2BE4F2}
	EndGlobalSection
EndGlobal
